<?xml version="1.0" encoding="utf-8"?>
<Project ToolsVersion="4.0" xmlns="http://schemas.microsoft.com/developer/msbuild/2003">
  <ItemGroup>
    <Filter Include="Quelldateien">
      <UniqueIdentifier>{4FC737F1-C7A5-4376-A066-2A32D752A2FF}</UniqueIdentifier>
      <Extensions>cpp;c;cc;cxx;def;odl;idl;hpj;bat;asm;asmx</Extensions>
    </Filter>
    <Filter Include="Headerdateien">
      <UniqueIdentifier>{93995380-89BD-4b04-88EB-625FBE52EBFB}</UniqueIdentifier>
      <Extensions>h;hh;hpp;hxx;hm;inl;inc;xsd</Extensions>
    </Filter>
    <Filter Include="Ressourcendateien">
      <UniqueIdentifier>{67DA6AB6-F800-4c08-8B7A-83BB121AAD01}</UniqueIdentifier>
      <Extensions>rc;ico;cur;bmp;dlg;rc2;rct;bin;rgs;gif;jpg;jpeg;jpe;resx;tiff;tif;png;wav;mfcribbon-ms</Extensions>
    </Filter>
    <Filter Include="Headerdateien\Framework">
      <UniqueIdentifier>{6080ba1c-97fd-46d9-9de9-e2048a218a5b}</UniqueIdentifier>
    </Filter>
    <Filter Include="Headerdateien\Framework\Gui">
      <UniqueIdentifier>{ad91fea0-0fde-4e4f-829d-f8e57901e6b2}</UniqueIdentifier>
    </Filter>
    <Filter Include="Headerdateien\Framework\Patterns">
      <UniqueIdentifier>{93336eac-ddaf-4c83-a670-aff229a47b77}</UniqueIdentifier>
    </Filter>
    <Filter Include="Quelldateien\Framework">
      <UniqueIdentifier>{d2afad66-98f0-4486-923e-d42467cf5ebc}</UniqueIdentifier>
    </Filter>
    <Filter Include="Quelldateien\Framework\Gui">
      <UniqueIdentifier>{8a021dd3-cc8e-416a-89f9-f67f86b3b5e0}</UniqueIdentifier>
    </Filter>
    <Filter Include="Quelldateien\Framework\Patterns">
      <UniqueIdentifier>{a1490cd5-d49d-468f-a726-47a8bb4d0519}</UniqueIdentifier>
    </Filter>
    <Filter Include="Headerdateien\Framework\Graphics">
      <UniqueIdentifier>{db249b2c-c75e-4b8f-9688-7eee6bf75d56}</UniqueIdentifier>
    </Filter>
    <Filter Include="Quelldateien\Framework\Graphics">
      <UniqueIdentifier>{6657018b-0e44-44d6-a805-8765d1e5afe7}</UniqueIdentifier>
    </Filter>
    <Filter Include="Headerdateien\Game">
      <UniqueIdentifier>{ab4627b2-4ba1-4eac-8406-e4c0664177af}</UniqueIdentifier>
    </Filter>
    <Filter Include="Quelldateien\Game">
      <UniqueIdentifier>{6c020f79-264c-4cc7-966d-2385c5a86bb1}</UniqueIdentifier>
    </Filter>
    <Filter Include="Headerdateien\Game\Ressources">
      <UniqueIdentifier>{a152bebb-7916-4b69-95d7-0742b4e9a615}</UniqueIdentifier>
    </Filter>
    <Filter Include="Quelldateien\Game\Ressources">
      <UniqueIdentifier>{ec41cd3f-0271-4ed4-9d79-7a1ed3f20a63}</UniqueIdentifier>
    </Filter>
    <Filter Include="Headerdateien\Game\Menus">
      <UniqueIdentifier>{5c7f0cd3-c757-4244-b45a-316046868391}</UniqueIdentifier>
    </Filter>
    <Filter Include="Quelldateien\Game\Menus">
      <UniqueIdentifier>{d8dda033-d61b-461a-8744-d8fba946a8ab}</UniqueIdentifier>
    </Filter>
  </ItemGroup>
  <ItemGroup>
    <ClCompile Include="src\main.cpp">
      <Filter>Quelldateien</Filter>
    </ClCompile>
    <ClCompile Include="src\Framework\Patterns\Subject.cpp">
      <Filter>Quelldateien\Framework\Patterns</Filter>
    </ClCompile>
    <ClCompile Include="src\Framework\Time.cpp">
      <Filter>Quelldateien\Framework</Filter>
    </ClCompile>
    <ClCompile Include="src\Framework\Gameengine.cpp">
      <Filter>Quelldateien\Framework</Filter>
    </ClCompile>
    <ClCompile Include="src\Framework\Window.cpp">
      <Filter>Quelldateien\Framework</Filter>
    </ClCompile>
    <ClCompile Include="src\Framework\Graphics\Sprite.cpp">
      <Filter>Quelldateien\Framework\Graphics</Filter>
    </ClCompile>
    <ClCompile Include="src\Framework\Gui\Button.cpp">
      <Filter>Quelldateien\Framework\Gui</Filter>
    </ClCompile>
    <ClCompile Include="src\Framework\Gui\Beam.cpp">
      <Filter>Quelldateien\Framework\Gui</Filter>
    </ClCompile>
    <ClCompile Include="src\Game\Menus\Options.cpp">
      <Filter>Quelldateien\Game\Menus</Filter>
    </ClCompile>
    <ClCompile Include="src\Game\InitialState.cpp">
      <Filter>Quelldateien</Filter>
    </ClCompile>
    <ClCompile Include="src\Game\Menus\MainMenu.cpp">
      <Filter>Quelldateien\Game</Filter>
    </ClCompile>
    <ClCompile Include="src\Game\Resources\FontManager.cpp">
      <Filter>Quelldateien\Game\Ressources</Filter>
    </ClCompile>
    <ClCompile Include="src\Game\Resources\SoundManager.cpp">
      <Filter>Quelldateien\Game\Ressources</Filter>
    </ClCompile>
    <ClCompile Include="src\Game\Resources\StringManager.cpp">
      <Filter>Quelldateien\Game\Ressources</Filter>
    </ClCompile>
    <ClCompile Include="src\Game\Resources\TextureManager.cpp">
      <Filter>Quelldateien\Game\Ressources</Filter>
    </ClCompile>
    <ClCompile Include="src\Game\Menus\GameMenu.cpp">
      <Filter>Quelldateien</Filter>
    </ClCompile>
    <ClCompile Include="src\Framework\Gui\StringInput.cpp">
      <Filter>Quelldateien</Filter>
    </ClCompile>
    <ClCompile Include="src\Framework\Graphics\SpriteWithText.cpp">
      <Filter>Quelldateien</Filter>
    </ClCompile>
  </ItemGroup>
  <ItemGroup>
    <ClInclude Include="src\Framework\Patterns\singleton.hpp">
      <Filter>Headerdateien\Framework\Patterns</Filter>
    </ClInclude>
    <ClInclude Include="src\Framework\Patterns\Observer.hpp">
      <Filter>Headerdateien\Framework\Patterns</Filter>
    </ClInclude>
    <ClInclude Include="src\Framework\Patterns\Subject.hpp">
      <Filter>Headerdateien\Framework\Patterns</Filter>
    </ClInclude>
    <ClInclude Include="src\Framework\Time.hpp">
      <Filter>Headerdateien\Framework</Filter>
    </ClInclude>
    <ClInclude Include="src\Framework\Gamestate.hpp">
      <Filter>Headerdateien\Framework</Filter>
    </ClInclude>
    <ClInclude Include="src\Framework\Gameengine.hpp">
      <Filter>Headerdateien\Framework</Filter>
    </ClInclude>
    <ClInclude Include="src\Framework\Window.hpp">
      <Filter>Headerdateien\Framework</Filter>
    </ClInclude>
    <ClInclude Include="src\Framework\Makros.hpp">
      <Filter>Headerdateien\Framework</Filter>
    </ClInclude>
    <ClInclude Include="src\Framework\Graphics\Sprite.hpp">
      <Filter>Headerdateien\Framework\Graphics</Filter>
    </ClInclude>
    <ClInclude Include="src\Framework\Gui\Button.hpp">
      <Filter>Headerdateien\Framework\Gui</Filter>
    </ClInclude>
    <ClInclude Include="src\Framework\Gui\Beam.hpp">
      <Filter>Headerdateien\Framework\Gui</Filter>
    </ClInclude>
    <ClInclude Include="src\Game\Menus\Options.hpp">
      <Filter>Headerdateien\Game\Menus</Filter>
    </ClInclude>
    <ClInclude Include="src\Game\InitialState.hpp">
      <Filter>Headerdateien</Filter>
    </ClInclude>
    <ClInclude Include="src\Game\Menus\MainMenu.hpp">
      <Filter>Headerdateien\Game</Filter>
    </ClInclude>
    <ClInclude Include="src\Game\Resources\FontManager.hpp">
      <Filter>Headerdateien\Game\Ressources</Filter>
    </ClInclude>
    <ClInclude Include="src\Game\Resources\Resources.hpp">
      <Filter>Headerdateien</Filter>
    </ClInclude>
    <ClInclude Include="src\Game\Resources\SoundManager.hpp">
      <Filter>Headerdateien\Game\Ressources</Filter>
    </ClInclude>
    <ClInclude Include="src\Game\Resources\StringManager.hpp">
      <Filter>Headerdateien\Game\Ressources</Filter>
    </ClInclude>
    <ClInclude Include="src\Game\Resources\StringNames.hpp">
      <Filter>Headerdateien\Game\Ressources</Filter>
    </ClInclude>
    <ClInclude Include="src\Game\Resources\TextureManager.hpp">
      <Filter>Headerdateien\Game\Ressources</Filter>
    </ClInclude>
    <ClInclude Include="src\Game\Menus\GameMenu.hpp">
      <Filter>Headerdateien</Filter>
    </ClInclude>
    <ClInclude Include="src\Framework\Gui\StringInput.hpp">
      <Filter>Headerdateien</Filter>
    </ClInclude>
    <ClInclude Include="src\Framework\Graphics\SpriteWithText.hpp">
      <Filter>Headerdateien</Filter>
    </ClInclude>
  </ItemGroup>
</Project>